
Microsoft Visual Studio Solution File, Format Version 12.00
# Visual Studio Version 16
VisualStudioVersion = 16.0.31129.286
MinimumVisualStudioVersion = 10.0.40219.1
Project("{FAE04EC0-301F-11D3-BF4B-00C04F79EFBC}") = "Homework5", "Homework5\Homework5.csproj", "{683DBFF2-555F-4A9A-91C8-7F8ECB98C42C}"
EndProject
Global
	GlobalSection(SolutionConfigurationPlatforms) = preSolution
		Debug|Any CPU = Debug|Any CPU
		Release|Any CPU = Release|Any CPU
	EndGlobalSection
	GlobalSection(ProjectConfigurationPlatforms) = postSolution
		{683DBFF2-555F-4A9A-91C8-7F8ECB98C42C}.Debug|Any CPU.ActiveCfg = Debug|Any CPU
		{683DBFF2-555F-4A9A-91C8-7F8ECB98C42C}.Debug|Any CPU.Build.0 = Debug|Any CPU
		{683DBFF2-555F-4A9A-91C8-7F8ECB98C42C}.Release|Any CPU.ActiveCfg = Release|Any CPU
		{683DBFF2-555F-4A9A-91C8-7F8ECB98C42C}.Release|Any CPU.Build.0 = Release|Any CPU
	EndGlobalSection
	GlobalSection(SolutionProperties) = preSolution
		HideSolutionNode = FALSE
	EndGlobalSection
	GlobalSection(ExtensibilityGlobals) = postSolution
		SolutionGuid = {7A378108-82F5-45EA-978D-D8C9DBE96BD5}
	EndGlobalSection
EndGlobal
