
Microsoft Visual Studio Solution File, Format Version 12.00
# Visual Studio Version 16
VisualStudioVersion = 16.0.30804.86
MinimumVisualStudioVersion = 10.0.40219.1
Project("{FAE04EC0-301F-11D3-BF4B-00C04F79EFBC}") = "WebService", "..\WebService\WebService.csproj", "{7DC159F9-3531-431C-AA3C-95E714C4ABB6}"
EndProject
Project("{FAE04EC0-301F-11D3-BF4B-00C04F79EFBC}") = "WindowsSOAPClient", "..\WindowsSOAPClient\WindowsSOAPClient.csproj", "{D53675B8-3308-46A3-B292-B335058BA241}"
	ProjectSection(ProjectDependencies) = postProject
		{7DC159F9-3531-431C-AA3C-95E714C4ABB6} = {7DC159F9-3531-431C-AA3C-95E714C4ABB6}
	EndProjectSection
EndProject
Project("{FAE04EC0-301F-11D3-BF4B-00C04F79EFBC}") = "SOAPserviceWebClient", "..\SOAPserviceWebClient\SOAPserviceWebClient.csproj", "{C84810D2-A2F0-4129-B50F-562AA2F365E4}"
	ProjectSection(ProjectDependencies) = postProject
		{7DC159F9-3531-431C-AA3C-95E714C4ABB6} = {7DC159F9-3531-431C-AA3C-95E714C4ABB6}
	EndProjectSection
EndProject
Global
	GlobalSection(SolutionConfigurationPlatforms) = preSolution
		Debug|Any CPU = Debug|Any CPU
		Release|Any CPU = Release|Any CPU
	EndGlobalSection
	GlobalSection(ProjectConfigurationPlatforms) = postSolution
		{7DC159F9-3531-431C-AA3C-95E714C4ABB6}.Debug|Any CPU.ActiveCfg = Debug|Any CPU
		{7DC159F9-3531-431C-AA3C-95E714C4ABB6}.Debug|Any CPU.Build.0 = Debug|Any CPU
		{7DC159F9-3531-431C-AA3C-95E714C4ABB6}.Release|Any CPU.ActiveCfg = Release|Any CPU
		{7DC159F9-3531-431C-AA3C-95E714C4ABB6}.Release|Any CPU.Build.0 = Release|Any CPU
		{D53675B8-3308-46A3-B292-B335058BA241}.Debug|Any CPU.ActiveCfg = Debug|Any CPU
		{D53675B8-3308-46A3-B292-B335058BA241}.Debug|Any CPU.Build.0 = Debug|Any CPU
		{D53675B8-3308-46A3-B292-B335058BA241}.Release|Any CPU.ActiveCfg = Release|Any CPU
		{D53675B8-3308-46A3-B292-B335058BA241}.Release|Any CPU.Build.0 = Release|Any CPU
		{C84810D2-A2F0-4129-B50F-562AA2F365E4}.Debug|Any CPU.ActiveCfg = Debug|Any CPU
		{C84810D2-A2F0-4129-B50F-562AA2F365E4}.Debug|Any CPU.Build.0 = Debug|Any CPU
		{C84810D2-A2F0-4129-B50F-562AA2F365E4}.Release|Any CPU.ActiveCfg = Release|Any CPU
		{C84810D2-A2F0-4129-B50F-562AA2F365E4}.Release|Any CPU.Build.0 = Release|Any CPU
	EndGlobalSection
	GlobalSection(SolutionProperties) = preSolution
		HideSolutionNode = FALSE
	EndGlobalSection
	GlobalSection(ExtensibilityGlobals) = postSolution
		SolutionGuid = {C7C44122-E5BA-42CB-973C-8319418F8851}
	EndGlobalSection
EndGlobal
